
Microsoft Visual Studio Solution File, Format Version 12.00
# Visual Studio Version 17
VisualStudioVersion = 17.0.32014.148
MinimumVisualStudioVersion = 10.0.40219.1
Project("{FAE04EC0-301F-11D3-BF4B-00C04F79EFBC}") = "calculator23", "calculator23.csproj", "{14EBA231-D887-4709-9BDE-48EBF761D0B2}"
EndProject
Global
	GlobalSection(SolutionConfigurationPlatforms) = preSolution
		Debug|Any CPU = Debug|Any CPU
		Release|Any CPU = Release|Any CPU
	EndGlobalSection
	GlobalSection(ProjectConfigurationPlatforms) = postSolution
		{14EBA231-D887-4709-9BDE-48EBF761D0B2}.Debug|Any CPU.ActiveCfg = Debug|Any CPU
		{14EBA231-D887-4709-9BDE-48EBF761D0B2}.Debug|Any CPU.Build.0 = Debug|Any CPU
		{14EBA231-D887-4709-9BDE-48EBF761D0B2}.Release|Any CPU.ActiveCfg = Release|Any CPU
		{14EBA231-D887-4709-9BDE-48EBF761D0B2}.Release|Any CPU.Build.0 = Release|Any CPU
	EndGlobalSection
	GlobalSection(SolutionProperties) = preSolution
		HideSolutionNode = FALSE
	EndGlobalSection
	GlobalSection(ExtensibilityGlobals) = postSolution
		SolutionGuid = {3399D518-4A99-43C2-BF44-27B79AF918EF}
	EndGlobalSection
EndGlobal
